
Microsoft Visual Studio Solution File, Format Version 12.00
# Visual Studio Version 17
VisualStudioVersion = 17.9.34728.123
MinimumVisualStudioVersion = 10.0.40219.1
Project("{FAE04EC0-301F-11D3-BF4B-00C04F79EFBC}") = "WebDav", "WebDav\WebDav.csproj", "{5CC6845B-63C9-4511-8405-48045CF54357}"
EndProject
Global
	GlobalSection(SolutionConfigurationPlatforms) = preSolution
		Debug|Any CPU = Debug|Any CPU
		Release|Any CPU = Release|Any CPU
	EndGlobalSection
	GlobalSection(ProjectConfigurationPlatforms) = postSolution
		{5CC6845B-63C9-4511-8405-48045CF54357}.Debug|Any CPU.ActiveCfg = Debug|Any CPU
		{5CC6845B-63C9-4511-8405-48045CF54357}.Debug|Any CPU.Build.0 = Debug|Any CPU
		{5CC6845B-63C9-4511-8405-48045CF54357}.Release|Any CPU.ActiveCfg = Release|Any CPU
		{5CC6845B-63C9-4511-8405-48045CF54357}.Release|Any CPU.Build.0 = Release|Any CPU
	EndGlobalSection
	GlobalSection(SolutionProperties) = preSolution
		HideSolutionNode = FALSE
	EndGlobalSection
	GlobalSection(ExtensibilityGlobals) = postSolution
		SolutionGuid = {B0568BD5-02AA-4484-B8FF-47E1480608BE}
	EndGlobalSection
EndGlobal
